// !$*UTF8*$!
{
	archiveVersion = 1;
	classes = {
	};
	objectVersion = 50;
	objects = {

/* Begin PBXBuildFile section */
		52973E132263906A00B7FF89 /* ResultViewController.swift in Sources */ = {isa = PBXBuildFile; fileRef = 52973E122263906A00B7FF89 /* ResultViewController.swift */; };
		52973E15226394B600B7FF89 /* InputViewController.swift in Sources */ = {isa = PBXBuildFile; fileRef = 52973E14226394B600B7FF89 /* InputViewController.swift */; };
		52973E192264CAB600B7FF89 /* README.md in Resources */ = {isa = PBXBuildFile; fileRef = 52973E182264CAB600B7FF89 /* README.md */; };
		52973E1E2264CC0500B7FF89 /* screenshot.png in Resources */ = {isa = PBXBuildFile; fileRef = 52973E1D2264CC0500B7FF89 /* screenshot.png */; };
		529ABD34226178AE00FDB08A /* AppDelegate.swift in Sources */ = {isa = PBXBuildFile; fileRef = 529ABD33226178AE00FDB08A /* AppDelegate.swift */; };
		529ABD36226178AE00FDB08A /* ViewController.swift in Sources */ = {isa = PBXBuildFile; fileRef = 529ABD35226178AE00FDB08A /* ViewController.swift */; };
		529ABD39226178AE00FDB08A /* Main.storyboard in Resources */ = {isa = PBXBuildFile; fileRef = 529ABD37226178AE00FDB08A /* Main.storyboard */; };
		529ABD3B226178B000FDB08A /* Assets.xcassets in Resources */ = {isa = PBXBuildFile; fileRef = 529ABD3A226178B000FDB08A /* Assets.xcassets */; };
		529ABD3E226178B000FDB08A /* LaunchScreen.storyboard in Resources */ = {isa = PBXBuildFile; fileRef = 529ABD3C226178B000FDB08A /* LaunchScreen.storyboard */; };
		529ABD482261ADE700FDB08A /* SharpImageView.swift in Sources */ = {isa = PBXBuildFile; fileRef = 529ABD472261ADE700FDB08A /* SharpImageView.swift */; };
		529ABD6822623DFA00FDB08A /* 5.mp3 in Resources */ = {isa = PBXBuildFile; fileRef = 529ABD5E22623DF800FDB08A /* 5.mp3 */; };
		529ABD6922623DFA00FDB08A /* 6.mp3 in Resources */ = {isa = PBXBuildFile; fileRef = 529ABD5F22623DF900FDB08A /* 6.mp3 */; };
		529ABD6A22623DFA00FDB08A /* 8.mp3 in Resources */ = {isa = PBXBuildFile; fileRef = 529ABD6022623DF900FDB08A /* 8.mp3 */; };
		529ABD6B22623DFA00FDB08A /* 3.mp3 in Resources */ = {isa = PBXBuildFile; fileRef = 529ABD6122623DF900FDB08A /* 3.mp3 */; };
		529ABD6C22623DFA00FDB08A /* 4.mp3 in Resources */ = {isa = PBXBuildFile; fileRef = 529ABD6222623DF900FDB08A /* 4.mp3 */; };
		529ABD6D22623DFA00FDB08A /* 9.mp3 in Resources */ = {isa = PBXBuildFile; fileRef = 529ABD6322623DF900FDB08A /* 9.mp3 */; };
		529ABD6E22623DFA00FDB08A /* 7.mp3 in Resources */ = {isa = PBXBuildFile; fileRef = 529ABD6422623DF900FDB08A /* 7.mp3 */; };
		529ABD6F22623DFA00FDB08A /* 1.mp3 in Resources */ = {isa = PBXBuildFile; fileRef = 529ABD6522623DF900FDB08A /* 1.mp3 */; };
		529ABD7022623DFA00FDB08A /* 2.mp3 in Resources */ = {isa = PBXBuildFile; fileRef = 529ABD6622623DFA00FDB08A /* 2.mp3 */; };
		529ABD7122623DFA00FDB08A /* 10.mp3 in Resources */ = {isa = PBXBuildFile; fileRef = 529ABD6722623DFA00FDB08A /* 10.mp3 */; };
/* End PBXBuildFile section */

/* Begin PBXFileReference section */
		52973E122263906A00B7FF89 /* ResultViewController.swift */ = {isa = PBXFileReference; lastKnownFileType = sourcecode.swift; path = ResultViewController.swift; sourceTree = "<group>"; };
		52973E14226394B600B7FF89 /* InputViewController.swift */ = {isa = PBXFileReference; lastKnownFileType = sourcecode.swift; path = InputViewController.swift; sourceTree = "<group>"; };
		52973E182264CAB600B7FF89 /* README.md */ = {isa = PBXFileReference; lastKnownFileType = net.daringfireball.markdown; path = README.md; sourceTree = "<group>"; };
		52973E1D2264CC0500B7FF89 /* screenshot.png */ = {isa = PBXFileReference; lastKnownFileType = image.png; path = screenshot.png; sourceTree = "<group>"; };
		529ABD30226178AE00FDB08A /* BMR calculator.app */ = {isa = PBXFileReference; explicitFileType = wrapper.application; includeInIndex = 0; path = "BMR calculator.app"; sourceTree = BUILT_PRODUCTS_DIR; };
		529ABD33226178AE00FDB08A /* AppDelegate.swift */ = {isa = PBXFileReference; lastKnownFileType = sourcecode.swift; path = AppDelegate.swift; sourceTree = "<group>"; };
		529ABD35226178AE00FDB08A /* ViewController.swift */ = {isa = PBXFileReference; lastKnownFileType = sourcecode.swift; path = ViewController.swift; sourceTree = "<group>"; };
		529ABD38226178AE00FDB08A /* Base */ = {isa = PBXFileReference; lastKnownFileType = file.storyboard; name = Base; path = Base.lproj/Main.storyboard; sourceTree = "<group>"; };
		529ABD3A226178B000FDB08A /* Assets.xcassets */ = {isa = PBXFileReference; lastKnownFileType = folder.assetcatalog; path = Assets.xcassets; sourceTree = "<group>"; };
		529ABD3D226178B000FDB08A /* Base */ = {isa = PBXFileReference; lastKnownFileType = file.storyboard; name = Base; path = Base.lproj/LaunchScreen.storyboard; sourceTree = "<group>"; };
		529ABD3F226178B000FDB08A /* Info.plist */ = {isa = PBXFileReference; lastKnownFileType = text.plist.xml; path = Info.plist; sourceTree = "<group>"; };
		529ABD472261ADE700FDB08A /* SharpImageView.swift */ = {isa = PBXFileReference; lastKnownFileType = sourcecode.swift; path = SharpImageView.swift; sourceTree = "<group>"; };
		529ABD5E22623DF800FDB08A /* 5.mp3 */ = {isa = PBXFileReference; lastKnownFileType = audio.mp3; path = 5.mp3; sourceTree = "<group>"; };
		529ABD5F22623DF900FDB08A /* 6.mp3 */ = {isa = PBXFileReference; lastKnownFileType = audio.mp3; path = 6.mp3; sourceTree = "<group>"; };
		529ABD6022623DF900FDB08A /* 8.mp3 */ = {isa = PBXFileReference; lastKnownFileType = audio.mp3; path = 8.mp3; sourceTree = "<group>"; };
		529ABD6122623DF900FDB08A /* 3.mp3 */ = {isa = PBXFileReference; lastKnownFileType = audio.mp3; path = 3.mp3; sourceTree = "<group>"; };
		529ABD6222623DF900FDB08A /* 4.mp3 */ = {isa = PBXFileReference; lastKnownFileType = audio.mp3; path = 4.mp3; sourceTree = "<group>"; };
		529ABD6322623DF900FDB08A /* 9.mp3 */ = {isa = PBXFileReference; lastKnownFileType = audio.mp3; path = 9.mp3; sourceTree = "<group>"; };
		529ABD6422623DF900FDB08A /* 7.mp3 */ = {isa = PBXFileReference; lastKnownFileType = audio.mp3; path = 7.mp3; sourceTree = "<group>"; };
		529ABD6522623DF900FDB08A /* 1.mp3 */ = {isa = PBXFileReference; lastKnownFileType = audio.mp3; path = 1.mp3; sourceTree = "<group>"; };
		529ABD6622623DFA00FDB08A /* 2.mp3 */ = {isa = PBXFileReference; lastKnownFileType = audio.mp3; path = 2.mp3; sourceTree = "<group>"; };
		529ABD6722623DFA00FDB08A /* 10.mp3 */ = {isa = PBXFileReference; lastKnownFileType = audio.mp3; path = 10.mp3; sourceTree = "<group>"; };
/* End PBXFileReference section */

/* Begin PBXFrameworksBuildPhase section */
		529ABD2D226178AE00FDB08A /* Frameworks */ = {
			isa = PBXFrameworksBuildPhase;
			buildActionMask = 2147483647;
			files = (
			);
			runOnlyForDeploymentPostprocessing = 0;
		};
/* End PBXFrameworksBuildPhase section */

/* Begin PBXGroup section */
		52973E1A2264CBCC00B7FF89 /* README_resource */ = {
			isa = PBXGroup;
			children = (
				52973E1D2264CC0500B7FF89 /* screenshot.png */,
			);
			path = README_resource;
			sourceTree = "<group>";
		};
		529ABD27226178AE00FDB08A = {
			isa = PBXGroup;
			children = (
				52973E1A2264CBCC00B7FF89 /* README_resource */,
				52973E182264CAB600B7FF89 /* README.md */,
				529ABD32226178AE00FDB08A /* BMR calculator */,
				529ABD31226178AE00FDB08A /* Products */,
			);
			sourceTree = "<group>";
		};
		529ABD31226178AE00FDB08A /* Products */ = {
			isa = PBXGroup;
			children = (
				529ABD30226178AE00FDB08A /* BMR calculator.app */,
			);
			name = Products;
			sourceTree = "<group>";
		};
		529ABD32226178AE00FDB08A /* BMR calculator */ = {
			isa = PBXGroup;
			children = (
				529ABD33226178AE00FDB08A /* AppDelegate.swift */,
				529ABD35226178AE00FDB08A /* ViewController.swift */,
				52973E14226394B600B7FF89 /* InputViewController.swift */,
				52973E122263906A00B7FF89 /* ResultViewController.swift */,
				529ABD37226178AE00FDB08A /* Main.storyboard */,
				529ABD472261ADE700FDB08A /* SharpImageView.swift */,
				529ABD3C226178B000FDB08A /* LaunchScreen.storyboard */,
				529ABD3A226178B000FDB08A /* Assets.xcassets */,
				529ABD3F226178B000FDB08A /* Info.plist */,
				529ABD6522623DF900FDB08A /* 1.mp3 */,
				529ABD6622623DFA00FDB08A /* 2.mp3 */,
				529ABD6122623DF900FDB08A /* 3.mp3 */,
				529ABD6222623DF900FDB08A /* 4.mp3 */,
				529ABD5E22623DF800FDB08A /* 5.mp3 */,
				529ABD5F22623DF900FDB08A /* 6.mp3 */,
				529ABD6422623DF900FDB08A /* 7.mp3 */,
				529ABD6022623DF900FDB08A /* 8.mp3 */,
				529ABD6322623DF900FDB08A /* 9.mp3 */,
				529ABD6722623DFA00FDB08A /* 10.mp3 */,
			);
			path = "BMR calculator";
			sourceTree = "<group>";
		};
/* End PBXGroup section */

/* Begin PBXNativeTarget section */
		529ABD2F226178AE00FDB08A /* BMR calculator */ = {
			isa = PBXNativeTarget;
			buildConfigurationList = 529ABD42226178B000FDB08A /* Build configuration list for PBXNativeTarget "BMR calculator" */;
			buildPhases = (
				529ABD2C226178AE00FDB08A /* Sources */,
				529ABD2D226178AE00FDB08A /* Frameworks */,
				529ABD2E226178AE00FDB08A /* Resources */,
			);
			buildRules = (
			);
			dependencies = (
			);
			name = "BMR calculator";
			productName = "BMR calculator";
			productReference = 529ABD30226178AE00FDB08A /* BMR calculator.app */;
			productType = "com.apple.product-type.application";
		};
/* End PBXNativeTarget section */

/* Begin PBXProject section */
		529ABD28226178AE00FDB08A /* Project object */ = {
			isa = PBXProject;
			attributes = {
				LastSwiftUpdateCheck = 1020;
				LastUpgradeCheck = 1020;
				ORGANIZATIONNAME = "劉玟慶";
				TargetAttributes = {
					529ABD2F226178AE00FDB08A = {
						CreatedOnToolsVersion = 10.2;
					};
				};
			};
			buildConfigurationList = 529ABD2B226178AE00FDB08A /* Build configuration list for PBXProject "BMR calculator" */;
			compatibilityVersion = "Xcode 9.3";
			developmentRegion = en;
			hasScannedForEncodings = 0;
			knownRegions = (
				en,
				Base,
			);
			mainGroup = 529ABD27226178AE00FDB08A;
			productRefGroup = 529ABD31226178AE00FDB08A /* Products */;
			projectDirPath = "";
			projectRoot = "";
			targets = (
				529ABD2F226178AE00FDB08A /* BMR calculator */,
			);
		};
/* End PBXProject section */

/* Begin PBXResourcesBuildPhase section */
		529ABD2E226178AE00FDB08A /* Resources */ = {
			isa = PBXResourcesBuildPhase;
			buildActionMask = 2147483647;
			files = (
				529ABD7122623DFA00FDB08A /* 10.mp3 in Resources */,
				529ABD6F22623DFA00FDB08A /* 1.mp3 in Resources */,
				529ABD6822623DFA00FDB08A /* 5.mp3 in Resources */,
				529ABD6B22623DFA00FDB08A /* 3.mp3 in Resources */,
				529ABD6E22623DFA00FDB08A /* 7.mp3 in Resources */,
				529ABD3E226178B000FDB08A /* LaunchScreen.storyboard in Resources */,
				529ABD6D22623DFA00FDB08A /* 9.mp3 in Resources */,
				529ABD3B226178B000FDB08A /* Assets.xcassets in Resources */,
				529ABD6A22623DFA00FDB08A /* 8.mp3 in Resources */,
				52973E1E2264CC0500B7FF89 /* screenshot.png in Resources */,
				529ABD39226178AE00FDB08A /* Main.storyboard in Resources */,
				52973E192264CAB600B7FF89 /* README.md in Resources */,
				529ABD7022623DFA00FDB08A /* 2.mp3 in Resources */,
				529ABD6922623DFA00FDB08A /* 6.mp3 in Resources */,
				529ABD6C22623DFA00FDB08A /* 4.mp3 in Resources */,
			);
			runOnlyForDeploymentPostprocessing = 0;
		};
/* End PBXResourcesBuildPhase section */

/* Begin PBXSourcesBuildPhase section */
		529ABD2C226178AE00FDB08A /* Sources */ = {
			isa = PBXSourcesBuildPhase;
			buildActionMask = 2147483647;
			files = (
				52973E132263906A00B7FF89 /* ResultViewController.swift in Sources */,
				529ABD36226178AE00FDB08A /* ViewController.swift in Sources */,
				52973E15226394B600B7FF89 /* InputViewController.swift in Sources */,
				529ABD482261ADE700FDB08A /* SharpImageView.swift in Sources */,
				529ABD34226178AE00FDB08A /* AppDelegate.swift in Sources */,
			);
			runOnlyForDeploymentPostprocessing = 0;
		};
/* End PBXSourcesBuildPhase section */

/* Begin PBXVariantGroup section */
		529ABD37226178AE00FDB08A /* Main.storyboard */ = {
			isa = PBXVariantGroup;
			children = (
				529ABD38226178AE00FDB08A /* Base */,
			);
			name = Main.storyboard;
			sourceTree = "<group>";
		};
		529ABD3C226178B000FDB08A /* LaunchScreen.storyboard */ = {
			isa = PBXVariantGroup;
			children = (
				529ABD3D226178B000FDB08A /* Base */,
			);
			name = LaunchScreen.storyboard;
			sourceTree = "<group>";
		};
/* End PBXVariantGroup section */

/* Begin XCBuildConfiguration section */
		529ABD40226178B000FDB08A /* Debug */ = {
			isa = XCBuildConfiguration;
			buildSettings = {
				ALWAYS_SEARCH_USER_PATHS = NO;
				CLANG_ANALYZER_NONNULL = YES;
				CLANG_ANALYZER_NUMBER_OBJECT_CONVERSION = YES_AGGRESSIVE;
				CLANG_CXX_LANGUAGE_STANDARD = "gnu++14";
				CLANG_CXX_LIBRARY = "libc++";
				CLANG_ENABLE_MODULES = YES;
				CLANG_ENABLE_OBJC_ARC = YES;
				CLANG_ENABLE_OBJC_WEAK = YES;
				CLANG_WARN_BLOCK_CAPTURE_AUTORELEASING = YES;
				CLANG_WARN_BOOL_CONVERSION = YES;
				CLANG_WARN_COMMA = YES;
				CLANG_WARN_CONSTANT_CONVERSION = YES;
				CLANG_WARN_DEPRECATED_OBJC_IMPLEMENTATIONS = YES;
				CLANG_WARN_DIRECT_OBJC_ISA_USAGE = YES_ERROR;
				CLANG_WARN_DOCUMENTATION_COMMENTS = YES;
				CLANG_WARN_EMPTY_BODY = YES;
				CLANG_WARN_ENUM_CONVERSION = YES;
				CLANG_WARN_INFINITE_RECURSION = YES;
				CLANG_WARN_INT_CONVERSION = YES;
				CLANG_WARN_NON_LITERAL_NULL_CONVERSION = YES;
				CLANG_WARN_OBJC_IMPLICIT_RETAIN_SELF = YES;
				CLANG_WARN_OBJC_LITERAL_CONVERSION = YES;
				CLANG_WARN_OBJC_ROOT_CLASS = YES_ERROR;
				CLANG_WARN_RANGE_LOOP_ANALYSIS = YES;
				CLANG_WARN_STRICT_PROTOTYPES = YES;
				CLANG_WARN_SUSPICIOUS_MOVE = YES;
				CLANG_WARN_UNGUARDED_AVAILABILITY = YES_AGGRESSIVE;
				CLANG_WARN_UNREACHABLE_CODE = YES;
				CLANG_WARN__DUPLICATE_METHOD_MATCH = YES;
				CODE_SIGN_IDENTITY = "iPhone Developer";
				COPY_PHASE_STRIP = NO;
				DEBUG_INFORMATION_FORMAT = dwarf;
				ENABLE_STRICT_OBJC_MSGSEND = YES;
				ENABLE_TESTABILITY = YES;
				GCC_C_LANGUAGE_STANDARD = gnu11;
				GCC_DYNAMIC_NO_PIC = NO;
				GCC_NO_COMMON_BLOCKS = YES;
				GCC_OPTIMIZATION_LEVEL = 0;
				GCC_PREPROCESSOR_DEFINITIONS = (
					"DEBUG=1",
					"$(inherited)",
				);
				GCC_WARN_64_TO_32_BIT_CONVERSION = YES;
				GCC_WARN_ABOUT_RETURN_TYPE = YES_ERROR;
				GCC_WARN_UNDECLARED_SELECTOR = YES;
				GCC_WARN_UNINITIALIZED_AUTOS = YES_AGGRESSIVE;
				GCC_WARN_UNUSED_FUNCTION = YES;
				GCC_WARN_UNUSED_VARIABLE = YES;
				IPHONEOS_DEPLOYMENT_TARGET = 12.2;
				MTL_ENABLE_DEBUG_INFO = INCLUDE_SOURCE;
				MTL_FAST_MATH = YES;
				ONLY_ACTIVE_ARCH = YES;
				SDKROOT = iphoneos;
				SWIFT_ACTIVE_COMPILATION_CONDITIONS = DEBUG;
				SWIFT_OPTIMIZATION_LEVEL = "-Onone";
			};
			name = Debug;
		};
		529ABD41226178B000FDB08A /* Release */ = {
			isa = XCBuildConfiguration;
			buildSettings = {
				ALWAYS_SEARCH_USER_PATHS = NO;
				CLANG_ANALYZER_NONNULL = YES;
				CLANG_ANALYZER_NUMBER_OBJECT_CONVERSION = YES_AGGRESSIVE;
				CLANG_CXX_LANGUAGE_STANDARD = "gnu++14";
				CLANG_CXX_LIBRARY = "libc++";
				CLANG_ENABLE_MODULES = YES;
				CLANG_ENABLE_OBJC_ARC = YES;
				CLANG_ENABLE_OBJC_WEAK = YES;
				CLANG_WARN_BLOCK_CAPTURE_AUTORELEASING = YES;
				CLANG_WARN_BOOL_CONVERSION = YES;
				CLANG_WARN_COMMA = YES;
				CLANG_WARN_CONSTANT_CONVERSION = YES;
				CLANG_WARN_DEPRECATED_OBJC_IMPLEMENTATIONS = YES;
				CLANG_WARN_DIRECT_OBJC_ISA_USAGE = YES_ERROR;
				CLANG_WARN_DOCUMENTATION_COMMENTS = YES;
				CLANG_WARN_EMPTY_BODY = YES;
				CLANG_WARN_ENUM_CONVERSION = YES;
				CLANG_WARN_INFINITE_RECURSION = YES;
				CLANG_WARN_INT_CONVERSION = YES;
				CLANG_WARN_NON_LITERAL_NULL_CONVERSION = YES;
				CLANG_WARN_OBJC_IMPLICIT_RETAIN_SELF = YES;
				CLANG_WARN_OBJC_LITERAL_CONVERSION = YES;
				CLANG_WARN_OBJC_ROOT_CLASS = YES_ERROR;
				CLANG_WARN_RANGE_LOOP_ANALYSIS = YES;
				CLANG_WARN_STRICT_PROTOTYPES = YES;
				CLANG_WARN_SUSPICIOUS_MOVE = YES;
				CLANG_WARN_UNGUARDED_AVAILABILITY = YES_AGGRESSIVE;
				CLANG_WARN_UNREACHABLE_CODE = YES;
				CLANG_WARN__DUPLICATE_METHOD_MATCH = YES;
				CODE_SIGN_IDENTITY = "iPhone Developer";
				COPY_PHASE_STRIP = NO;
				DEBUG_INFORMATION_FORMAT = "dwarf-with-dsym";
				ENABLE_NS_ASSERTIONS = NO;
				ENABLE_STRICT_OBJC_MSGSEND = YES;
				GCC_C_LANGUAGE_STANDARD = gnu11;
				GCC_NO_COMMON_BLOCKS = YES;
				GCC_WARN_64_TO_32_BIT_CONVERSION = YES;
				GCC_WARN_ABOUT_RETURN_TYPE = YES_ERROR;
				GCC_WARN_UNDECLARED_SELECTOR = YES;
				GCC_WARN_UNINITIALIZED_AUTOS = YES_AGGRESSIVE;
				GCC_WARN_UNUSED_FUNCTION = YES;
				GCC_WARN_UNUSED_VARIABLE = YES;
				IPHONEOS_DEPLOYMENT_TARGET = 12.2;
				MTL_ENABLE_DEBUG_INFO = NO;
				MTL_FAST_MATH = YES;
				SDKROOT = iphoneos;
				SWIFT_COMPILATION_MODE = wholemodule;
				SWIFT_OPTIMIZATION_LEVEL = "-O";
				VALIDATE_PRODUCT = YES;
			};
			name = Release;
		};
		529ABD43226178B000FDB08A /* Debug */ = {
			isa = XCBuildConfiguration;
			buildSettings = {
				ASSETCATALOG_COMPILER_APPICON_NAME = AppIcon;
				CODE_SIGN_STYLE = Automatic;
				INFOPLIST_FILE = "BMR calculator/Info.plist";
				LD_RUNPATH_SEARCH_PATHS = (
					"$(inherited)",
					"@executable_path/Frameworks",
				);
				PRODUCT_BUNDLE_IDENTIFIER = "Venson.BMR-calculator";
				PRODUCT_NAME = "$(TARGET_NAME)";
				SWIFT_VERSION = 5.0;
				TARGETED_DEVICE_FAMILY = "1,2";
			};
			name = Debug;
		};
		529ABD44226178B000FDB08A /* Release */ = {
			isa = XCBuildConfiguration;
			buildSettings = {
				ASSETCATALOG_COMPILER_APPICON_NAME = AppIcon;
				CODE_SIGN_STYLE = Automatic;
				INFOPLIST_FILE = "BMR calculator/Info.plist";
				LD_RUNPATH_SEARCH_PATHS = (
					"$(inherited)",
					"@executable_path/Frameworks",
				);
				PRODUCT_BUNDLE_IDENTIFIER = "Venson.BMR-calculator";
				PRODUCT_NAME = "$(TARGET_NAME)";
				SWIFT_VERSION = 5.0;
				TARGETED_DEVICE_FAMILY = "1,2";
			};
			name = Release;
		};
/* End XCBuildConfiguration section */

/* Begin XCConfigurationList section */
		529ABD2B226178AE00FDB08A /* Build configuration list for PBXProject "BMR calculator" */ = {
			isa = XCConfigurationList;
			buildConfigurations = (
				529ABD40226178B000FDB08A /* Debug */,
				529ABD41226178B000FDB08A /* Release */,
			);
			defaultConfigurationIsVisible = 0;
			defaultConfigurationName = Release;
		};
		529ABD42226178B000FDB08A /* Build configuration list for PBXNativeTarget "BMR calculator" */ = {
			isa = XCConfigurationList;
			buildConfigurations = (
				529ABD43226178B000FDB08A /* Debug */,
				529ABD44226178B000FDB08A /* Release */,
			);
			defaultConfigurationIsVisible = 0;
			defaultConfigurationName = Release;
		};
/* End XCConfigurationList section */
	};
	rootObject = 529ABD28226178AE00FDB08A /* Project object */;
}
